
Microsoft Visual Studio Solution File, Format Version 12.00
# Visual Studio Version 17
VisualStudioVersion = 17.4.33213.308
MinimumVisualStudioVersion = 10.0.40219.1
Project("{9A19103F-16F7-4668-BE54-9A1E7A4F7556}") = "_BordspellenV3", "BordspellenV3\_BordspellenV3.csproj", "{E6C726E9-2F8E-499C-9D26-C5383C5B1EC4}"
EndProject
Project("{9A19103F-16F7-4668-BE54-9A1E7A4F7556}") = "Domain", "Domain\Domain.csproj", "{ECE86BF3-9E27-4769-A49E-1E5826D2F2EB}"
EndProject
Project("{9A19103F-16F7-4668-BE54-9A1E7A4F7556}") = "Infrastructure", "Infrastructure\Infrastructure.csproj", "{75EFC135-2856-49D4-9504-24521558C342}"
	ProjectSection(ProjectDependencies) = postProject
		{ECE86BF3-9E27-4769-A49E-1E5826D2F2EB} = {ECE86BF3-9E27-4769-A49E-1E5826D2F2EB}
	EndProjectSection
EndProject
Project("{9A19103F-16F7-4668-BE54-9A1E7A4F7556}") = "Domain.Tests", "Domain.Tests\Domain.Tests.csproj", "{1A286166-61B1-4828-AA5B-8284854D4CB7}"
EndProject
Project("{9A19103F-16F7-4668-BE54-9A1E7A4F7556}") = "Infrastructure.Tests", "Infrastructure.Tests\Infrastructure.Tests.csproj", "{12D67818-D810-44D6-8512-B06EBD1DCF81}"
EndProject
Project("{9A19103F-16F7-4668-BE54-9A1E7A4F7556}") = "BordspelAPI", "BordspelAPI\BordspelAPI.csproj", "{F8EACF4C-7E44-4B75-B25F-2870278F6E66}"
EndProject
Project("{9A19103F-16F7-4668-BE54-9A1E7A4F7556}") = "BordspellenV3.Tests", "BordspellenV3.Tests\BordspellenV3.Tests.csproj", "{F5CE9DBE-0D28-4B62-8D3A-52145AE2C326}"
EndProject
Project("{FAE04EC0-301F-11D3-BF4B-00C04F79EFBC}") = "BordspellenV4", "BordspellenV4\BordspellenV4.csproj", "{FE18FA33-AB11-4B11-B0EF-D65D3863B0EE}"
EndProject
Global
	GlobalSection(SolutionConfigurationPlatforms) = preSolution
		Debug|Any CPU = Debug|Any CPU
		Release|Any CPU = Release|Any CPU
	EndGlobalSection
	GlobalSection(ProjectConfigurationPlatforms) = postSolution
		{E6C726E9-2F8E-499C-9D26-C5383C5B1EC4}.Debug|Any CPU.ActiveCfg = Debug|Any CPU
		{E6C726E9-2F8E-499C-9D26-C5383C5B1EC4}.Debug|Any CPU.Build.0 = Debug|Any CPU
		{E6C726E9-2F8E-499C-9D26-C5383C5B1EC4}.Release|Any CPU.ActiveCfg = Release|Any CPU
		{E6C726E9-2F8E-499C-9D26-C5383C5B1EC4}.Release|Any CPU.Build.0 = Release|Any CPU
		{ECE86BF3-9E27-4769-A49E-1E5826D2F2EB}.Debug|Any CPU.ActiveCfg = Debug|Any CPU
		{ECE86BF3-9E27-4769-A49E-1E5826D2F2EB}.Debug|Any CPU.Build.0 = Debug|Any CPU
		{ECE86BF3-9E27-4769-A49E-1E5826D2F2EB}.Release|Any CPU.ActiveCfg = Release|Any CPU
		{ECE86BF3-9E27-4769-A49E-1E5826D2F2EB}.Release|Any CPU.Build.0 = Release|Any CPU
		{75EFC135-2856-49D4-9504-24521558C342}.Debug|Any CPU.ActiveCfg = Debug|Any CPU
		{75EFC135-2856-49D4-9504-24521558C342}.Debug|Any CPU.Build.0 = Debug|Any CPU
		{75EFC135-2856-49D4-9504-24521558C342}.Release|Any CPU.ActiveCfg = Release|Any CPU
		{75EFC135-2856-49D4-9504-24521558C342}.Release|Any CPU.Build.0 = Release|Any CPU
		{1A286166-61B1-4828-AA5B-8284854D4CB7}.Debug|Any CPU.ActiveCfg = Debug|Any CPU
		{1A286166-61B1-4828-AA5B-8284854D4CB7}.Debug|Any CPU.Build.0 = Debug|Any CPU
		{1A286166-61B1-4828-AA5B-8284854D4CB7}.Release|Any CPU.ActiveCfg = Release|Any CPU
		{1A286166-61B1-4828-AA5B-8284854D4CB7}.Release|Any CPU.Build.0 = Release|Any CPU
		{12D67818-D810-44D6-8512-B06EBD1DCF81}.Debug|Any CPU.ActiveCfg = Debug|Any CPU
		{12D67818-D810-44D6-8512-B06EBD1DCF81}.Debug|Any CPU.Build.0 = Debug|Any CPU
		{12D67818-D810-44D6-8512-B06EBD1DCF81}.Release|Any CPU.ActiveCfg = Release|Any CPU
		{12D67818-D810-44D6-8512-B06EBD1DCF81}.Release|Any CPU.Build.0 = Release|Any CPU
		{F8EACF4C-7E44-4B75-B25F-2870278F6E66}.Debug|Any CPU.ActiveCfg = Debug|Any CPU
		{F8EACF4C-7E44-4B75-B25F-2870278F6E66}.Debug|Any CPU.Build.0 = Debug|Any CPU
		{F8EACF4C-7E44-4B75-B25F-2870278F6E66}.Release|Any CPU.ActiveCfg = Release|Any CPU
		{F8EACF4C-7E44-4B75-B25F-2870278F6E66}.Release|Any CPU.Build.0 = Release|Any CPU
		{F5CE9DBE-0D28-4B62-8D3A-52145AE2C326}.Debug|Any CPU.ActiveCfg = Debug|Any CPU
		{F5CE9DBE-0D28-4B62-8D3A-52145AE2C326}.Debug|Any CPU.Build.0 = Debug|Any CPU
		{F5CE9DBE-0D28-4B62-8D3A-52145AE2C326}.Release|Any CPU.ActiveCfg = Release|Any CPU
		{F5CE9DBE-0D28-4B62-8D3A-52145AE2C326}.Release|Any CPU.Build.0 = Release|Any CPU
		{FE18FA33-AB11-4B11-B0EF-D65D3863B0EE}.Debug|Any CPU.ActiveCfg = Debug|Any CPU
		{FE18FA33-AB11-4B11-B0EF-D65D3863B0EE}.Debug|Any CPU.Build.0 = Debug|Any CPU
		{FE18FA33-AB11-4B11-B0EF-D65D3863B0EE}.Release|Any CPU.ActiveCfg = Release|Any CPU
		{FE18FA33-AB11-4B11-B0EF-D65D3863B0EE}.Release|Any CPU.Build.0 = Release|Any CPU
	EndGlobalSection
	GlobalSection(SolutionProperties) = preSolution
		HideSolutionNode = FALSE
	EndGlobalSection
	GlobalSection(ExtensibilityGlobals) = postSolution
		SolutionGuid = {5FD9D9AC-73F7-496A-9A3F-D59D51473896}
	EndGlobalSection
EndGlobal
