
Microsoft Visual Studio Solution File, Format Version 12.00
# Visual Studio Version 17
VisualStudioVersion = 17.11.35222.181
MinimumVisualStudioVersion = 10.0.40219.1
Project("{9A19103F-16F7-4668-BE54-9A1E7A4F7556}") = "Voedselverspilling.Domain", "Voedselverspilling.Domain\Voedselverspilling.Domain.csproj", "{413469DC-E5BA-4DAE-AFC7-4E3A10A24DDD}"
EndProject
Project("{9A19103F-16F7-4668-BE54-9A1E7A4F7556}") = "Voedselverspilling.DomainServices", "Voedselverspilling.Application\Voedselverspilling.DomainServices.csproj", "{D39729DD-81C2-46B8-B0A4-D9A1D2197D47}"
EndProject
Project("{9A19103F-16F7-4668-BE54-9A1E7A4F7556}") = "Voedselverspilling.Infrastructure", "Voedselverspilling.Infrastructure\Voedselverspilling.Infrastructure.csproj", "{D6930BB5-DA31-4F7A-AB0D-7C19E7366B4F}"
EndProject
Project("{9A19103F-16F7-4668-BE54-9A1E7A4F7556}") = "Voedselverspilling.Web", "Voedselverspilling.Web\Voedselverspilling.Web.csproj", "{EBD5A343-33F1-4377-ADEC-6C21559F9F7E}"
EndProject
Project("{9A19103F-16F7-4668-BE54-9A1E7A4F7556}") = "Voedselverspilling.API", "Voedselverspilling.API\Voedselverspilling.API.csproj", "{7A3A451D-1C6B-4C01-BE4F-0BC30F23BFB0}"
EndProject
Project("{9A19103F-16F7-4668-BE54-9A1E7A4F7556}") = "Voedselverspilling.Infrastructure.Test", "Voedselverspilling.Domain.Test\Voedselverspilling.Infrastructure.Test.csproj", "{D3D3DCC3-E253-415F-B70C-2035A4D4D34A}"
EndProject
Global
	GlobalSection(SolutionConfigurationPlatforms) = preSolution
		Debug|Any CPU = Debug|Any CPU
		Release|Any CPU = Release|Any CPU
	EndGlobalSection
	GlobalSection(ProjectConfigurationPlatforms) = postSolution
		{413469DC-E5BA-4DAE-AFC7-4E3A10A24DDD}.Debug|Any CPU.ActiveCfg = Debug|Any CPU
		{413469DC-E5BA-4DAE-AFC7-4E3A10A24DDD}.Debug|Any CPU.Build.0 = Debug|Any CPU
		{413469DC-E5BA-4DAE-AFC7-4E3A10A24DDD}.Release|Any CPU.ActiveCfg = Release|Any CPU
		{413469DC-E5BA-4DAE-AFC7-4E3A10A24DDD}.Release|Any CPU.Build.0 = Release|Any CPU
		{D39729DD-81C2-46B8-B0A4-D9A1D2197D47}.Debug|Any CPU.ActiveCfg = Debug|Any CPU
		{D39729DD-81C2-46B8-B0A4-D9A1D2197D47}.Debug|Any CPU.Build.0 = Debug|Any CPU
		{D39729DD-81C2-46B8-B0A4-D9A1D2197D47}.Release|Any CPU.ActiveCfg = Release|Any CPU
		{D39729DD-81C2-46B8-B0A4-D9A1D2197D47}.Release|Any CPU.Build.0 = Release|Any CPU
		{D6930BB5-DA31-4F7A-AB0D-7C19E7366B4F}.Debug|Any CPU.ActiveCfg = Debug|Any CPU
		{D6930BB5-DA31-4F7A-AB0D-7C19E7366B4F}.Debug|Any CPU.Build.0 = Debug|Any CPU
		{D6930BB5-DA31-4F7A-AB0D-7C19E7366B4F}.Release|Any CPU.ActiveCfg = Release|Any CPU
		{D6930BB5-DA31-4F7A-AB0D-7C19E7366B4F}.Release|Any CPU.Build.0 = Release|Any CPU
		{EBD5A343-33F1-4377-ADEC-6C21559F9F7E}.Debug|Any CPU.ActiveCfg = Debug|Any CPU
		{EBD5A343-33F1-4377-ADEC-6C21559F9F7E}.Debug|Any CPU.Build.0 = Debug|Any CPU
		{EBD5A343-33F1-4377-ADEC-6C21559F9F7E}.Release|Any CPU.ActiveCfg = Release|Any CPU
		{EBD5A343-33F1-4377-ADEC-6C21559F9F7E}.Release|Any CPU.Build.0 = Release|Any CPU
		{7A3A451D-1C6B-4C01-BE4F-0BC30F23BFB0}.Debug|Any CPU.ActiveCfg = Debug|Any CPU
		{7A3A451D-1C6B-4C01-BE4F-0BC30F23BFB0}.Debug|Any CPU.Build.0 = Debug|Any CPU
		{7A3A451D-1C6B-4C01-BE4F-0BC30F23BFB0}.Release|Any CPU.ActiveCfg = Release|Any CPU
		{7A3A451D-1C6B-4C01-BE4F-0BC30F23BFB0}.Release|Any CPU.Build.0 = Release|Any CPU
		{D3D3DCC3-E253-415F-B70C-2035A4D4D34A}.Debug|Any CPU.ActiveCfg = Debug|Any CPU
		{D3D3DCC3-E253-415F-B70C-2035A4D4D34A}.Debug|Any CPU.Build.0 = Debug|Any CPU
		{D3D3DCC3-E253-415F-B70C-2035A4D4D34A}.Release|Any CPU.ActiveCfg = Release|Any CPU
		{D3D3DCC3-E253-415F-B70C-2035A4D4D34A}.Release|Any CPU.Build.0 = Release|Any CPU
	EndGlobalSection
	GlobalSection(SolutionProperties) = preSolution
		HideSolutionNode = FALSE
	EndGlobalSection
	GlobalSection(ExtensibilityGlobals) = postSolution
		SolutionGuid = {4B3FB161-9A67-4740-82A4-EFE181695589}
	EndGlobalSection
EndGlobal
